
Microsoft Visual Studio Solution File, Format Version 12.00
# Visual Studio 15
VisualStudioVersion = 15.0.27130.2027
MinimumVisualStudioVersion = 10.0.40219.1
Project("{FAE04EC0-301F-11D3-BF4B-00C04F79EFBC}") = "Inventiv.Tools.Elastic2Sql", "Inventiv.Tools.Elastic2Sql\Inventiv.Tools.Elastic2Sql.csproj", "{1B2DB2C9-F819-46DA-AACD-7B1C5F21130E}"
EndProject
Global
	GlobalSection(SolutionConfigurationPlatforms) = preSolution
		Debug|Any CPU = Debug|Any CPU
		Release|Any CPU = Release|Any CPU
	EndGlobalSection
	GlobalSection(ProjectConfigurationPlatforms) = postSolution
		{1B2DB2C9-F819-46DA-AACD-7B1C5F21130E}.Debug|Any CPU.ActiveCfg = Debug|Any CPU
		{1B2DB2C9-F819-46DA-AACD-7B1C5F21130E}.Debug|Any CPU.Build.0 = Debug|Any CPU
		{1B2DB2C9-F819-46DA-AACD-7B1C5F21130E}.Release|Any CPU.ActiveCfg = Release|Any CPU
		{1B2DB2C9-F819-46DA-AACD-7B1C5F21130E}.Release|Any CPU.Build.0 = Release|Any CPU
	EndGlobalSection
	GlobalSection(SolutionProperties) = preSolution
		HideSolutionNode = FALSE
	EndGlobalSection
	GlobalSection(ExtensibilityGlobals) = postSolution
		SolutionGuid = {10669CFE-694E-4C47-90E5-689EAF23B4E6}
	EndGlobalSection
EndGlobal
